
Microsoft Visual Studio Solution File, Format Version 12.00
# Visual Studio Version 17
VisualStudioVersion = 17.0.31903.59
MinimumVisualStudioVersion = 10.0.40219.1
Project("{2150E333-8FDC-42A3-9474-1A3956D46DE8}") = "src", "src", "{C7A1D522-0178-4F06-9053-D841D5B59300}"
EndProject
Project("{FAE04EC0-301F-11D3-BF4B-00C04F79EFBC}") = "Catalog.Api", "src\Catalog.Api\Catalog.Api.csproj", "{43A6BBDC-5E13-4C94-8343-5690FA61F3C1}"
EndProject
Project("{FAE04EC0-301F-11D3-BF4B-00C04F79EFBC}") = "Gateway.Api", "src\Gateway.Api\Gateway.Api.csproj", "{C2FA5519-8453-4DCE-A50A-7A4DAFCF06C2}"
EndProject
Project("{FAE04EC0-301F-11D3-BF4B-00C04F79EFBC}") = "Orders.Api", "src\Orders.Api\Orders.Api.csproj", "{D1A7AEC6-C7C8-4B5D-B969-0BA29F2E23A8}"
EndProject
Global
	GlobalSection(SolutionConfigurationPlatforms) = preSolution
		Debug|Any CPU = Debug|Any CPU
		Release|Any CPU = Release|Any CPU
	EndGlobalSection
	GlobalSection(SolutionProperties) = preSolution
		HideSolutionNode = FALSE
	EndGlobalSection
	GlobalSection(ProjectConfigurationPlatforms) = postSolution
		{43A6BBDC-5E13-4C94-8343-5690FA61F3C1}.Debug|Any CPU.ActiveCfg = Debug|Any CPU
		{43A6BBDC-5E13-4C94-8343-5690FA61F3C1}.Debug|Any CPU.Build.0 = Debug|Any CPU
		{43A6BBDC-5E13-4C94-8343-5690FA61F3C1}.Release|Any CPU.ActiveCfg = Release|Any CPU
		{43A6BBDC-5E13-4C94-8343-5690FA61F3C1}.Release|Any CPU.Build.0 = Release|Any CPU
		{C2FA5519-8453-4DCE-A50A-7A4DAFCF06C2}.Debug|Any CPU.ActiveCfg = Debug|Any CPU
		{C2FA5519-8453-4DCE-A50A-7A4DAFCF06C2}.Debug|Any CPU.Build.0 = Debug|Any CPU
		{C2FA5519-8453-4DCE-A50A-7A4DAFCF06C2}.Release|Any CPU.ActiveCfg = Release|Any CPU
		{C2FA5519-8453-4DCE-A50A-7A4DAFCF06C2}.Release|Any CPU.Build.0 = Release|Any CPU
		{D1A7AEC6-C7C8-4B5D-B969-0BA29F2E23A8}.Debug|Any CPU.ActiveCfg = Debug|Any CPU
		{D1A7AEC6-C7C8-4B5D-B969-0BA29F2E23A8}.Debug|Any CPU.Build.0 = Debug|Any CPU
		{D1A7AEC6-C7C8-4B5D-B969-0BA29F2E23A8}.Release|Any CPU.ActiveCfg = Release|Any CPU
		{D1A7AEC6-C7C8-4B5D-B969-0BA29F2E23A8}.Release|Any CPU.Build.0 = Release|Any CPU
	EndGlobalSection
	GlobalSection(NestedProjects) = preSolution
		{43A6BBDC-5E13-4C94-8343-5690FA61F3C1} = {C7A1D522-0178-4F06-9053-D841D5B59300}
		{C2FA5519-8453-4DCE-A50A-7A4DAFCF06C2} = {C7A1D522-0178-4F06-9053-D841D5B59300}
		{D1A7AEC6-C7C8-4B5D-B969-0BA29F2E23A8} = {C7A1D522-0178-4F06-9053-D841D5B59300}
	EndGlobalSection
EndGlobal
